
Microsoft Visual Studio Solution File, Format Version 12.00
# Visual Studio 14
VisualStudioVersion = 14.0.25123.0
MinimumVisualStudioVersion = 10.0.40219.1
Project("{FAE04EC0-301F-11D3-BF4B-00C04F79EFBC}") = "WebApplication1", "WebApplication1\WebApplication1.csproj", "{ECA511EF-6C1F-4155-AE00-0A012192A10F}"
EndProject
Global
	GlobalSection(SolutionConfigurationPlatforms) = preSolution
		Debug|Any CPU = Debug|Any CPU
		Release|Any CPU = Release|Any CPU
	EndGlobalSection
	GlobalSection(ProjectConfigurationPlatforms) = postSolution
		{ECA511EF-6C1F-4155-AE00-0A012192A10F}.Debug|Any CPU.ActiveCfg = Debug|Any CPU
		{ECA511EF-6C1F-4155-AE00-0A012192A10F}.Debug|Any CPU.Build.0 = Debug|Any CPU
		{ECA511EF-6C1F-4155-AE00-0A012192A10F}.Release|Any CPU.ActiveCfg = Release|Any CPU
		{ECA511EF-6C1F-4155-AE00-0A012192A10F}.Release|Any CPU.Build.0 = Release|Any CPU
	EndGlobalSection
	GlobalSection(SolutionProperties) = preSolution
		HideSolutionNode = FALSE
	EndGlobalSection
EndGlobal
